
Microsoft Visual Studio Solution File, Format Version 12.00
# Visual Studio 15
VisualStudioVersion = 15.0.27703.2035
MinimumVisualStudioVersion = 10.0.40219.1
Project("{FAE04EC0-301F-11D3-BF4B-00C04F79EFBC}") = "TRLogicTask", "TRLogicTask\TRLogicTask.csproj", "{DA0750E5-6ED8-4113-B1EB-DF0948E6A00C}"
EndProject
Project("{E53339B2-1760-4266-BCC7-CA923CBCF16C}") = "docker-compose", "docker-compose.dcproj", "{3CF8A393-677A-4FC9-B1FC-1003BBF63B0C}"
EndProject
Global
	GlobalSection(SolutionConfigurationPlatforms) = preSolution
		Debug|Any CPU = Debug|Any CPU
		Release|Any CPU = Release|Any CPU
	EndGlobalSection
	GlobalSection(ProjectConfigurationPlatforms) = postSolution
		{DA0750E5-6ED8-4113-B1EB-DF0948E6A00C}.Debug|Any CPU.ActiveCfg = Debug|Any CPU
		{DA0750E5-6ED8-4113-B1EB-DF0948E6A00C}.Debug|Any CPU.Build.0 = Debug|Any CPU
		{DA0750E5-6ED8-4113-B1EB-DF0948E6A00C}.Release|Any CPU.ActiveCfg = Release|Any CPU
		{DA0750E5-6ED8-4113-B1EB-DF0948E6A00C}.Release|Any CPU.Build.0 = Release|Any CPU
		{3CF8A393-677A-4FC9-B1FC-1003BBF63B0C}.Debug|Any CPU.ActiveCfg = Debug|Any CPU
		{3CF8A393-677A-4FC9-B1FC-1003BBF63B0C}.Debug|Any CPU.Build.0 = Debug|Any CPU
		{3CF8A393-677A-4FC9-B1FC-1003BBF63B0C}.Release|Any CPU.ActiveCfg = Release|Any CPU
		{3CF8A393-677A-4FC9-B1FC-1003BBF63B0C}.Release|Any CPU.Build.0 = Release|Any CPU
	EndGlobalSection
	GlobalSection(SolutionProperties) = preSolution
		HideSolutionNode = FALSE
	EndGlobalSection
	GlobalSection(ExtensibilityGlobals) = postSolution
		SolutionGuid = {76DF01D0-AB6F-478E-8AD2-51F8A80EF12E}
	EndGlobalSection
EndGlobal
